dependencies:
- name: traefik
  repository: https://traefik.github.io/charts
  version: 39.0.8
- name: external-secrets
  repository: https://charts.external-secrets.io
  version: 2.5.0
digest: sha256:54a6a008a51d1781c809269d0043d6256693943c1ec1fb5ec20306bc9ce4fa7b
generated: "2026-06-11T00:14:32.003019-03:00"
